<?xml version="1.0" encoding="utf-8"?>
<Project ToolsVersion="4.0" xmlns="http://schemas.microsoft.com/developer/msbuild/2003">
  <ItemGroup>
    <Filter Include="Source Files">
      <UniqueIdentifier>{4FC737F1-C7A5-4376-A066-2A32D752A2FF}</UniqueIdentifier>
      <Extensions>cpp;c;cc;cxx;def;odl;idl;hpj;bat;asm;asmx</Extensions>
    </Filter>
    <Filter Include="Header Files">
      <UniqueIdentifier>{93995380-89BD-4b04-88EB-625FBE52EBFB}</UniqueIdentifier>
      <Extensions>h;hh;hpp;hxx;hm;inl;inc;xsd</Extensions>
    </Filter>
    <Filter Include="Misc Files">
      <UniqueIdentifier>{67DA6AB6-F800-4c08-8B7A-83BB121AAD01}</UniqueIdentifier>
      <Extensions>xml;json;txt;rc;ico;cur;bmp;dlg;rc2;rct;bin;rgs;gif;jpg;jpeg;jpe;resx;tiff;tif;png;wav;mfcribbon-ms</Extensions>
    </Filter>
  </ItemGroup>
  <ItemGroup>
    <None Include="DahlDesignDDC.ino" />
    <None Include="src\arduino folders read me.txt">
      <Filter>Misc Files</Filter>
    </None>
    <None Include="10_MatrixAndAnalog.ino" />
    <None Include="11_Bitfields.ino" />
    <None Include="12_GlobalVariables.ino" />
    <None Include="13_SwitchVariables.ino" />
    <None Include="20_Setup.ino" />
    <None Include="30_Switches.ino" />
    <None Include="40_Matrix.ino" />
    <None Include="50_Pushbuttons.ino" />
    <None Include="51_Toggle.ino" />
    <None Include="52_FunctionButtons.ino" />
    <None Include="60_Rotary4Bit.ino" />
    <None Include="62_Rotary2Bit.ino" />
    <None Include="64_RotaryAnalog.ino" />
    <None Include="70_FunkyPush.ino" />
    <None Include="71_FunkyDirections.ino" />
    <None Include="74_FunkyRotary.ino" />
    <None Include="80_SingleClutch.ino" />
    <None Include="98_PresetSwitch.ino" />
    <None Include="66_MultiComplex.ino" />
    <None Include="63_RotaryPEC11.ino" />
    <None Include="56_SW1BiteRotary.ino" />
    <None Include="41_Presets.ino" />
    <None Include="54_Shifter.ino" />
    <None Include="55_QuickSwitch.ino" />
    <None Include="57_SW1PresetRotary.ino" />
    <None Include="93_BrakeMagic.ino" />
    <None Include="94_ThrottleHold.ino" />
    <None Include="42_MatrixInject.ino" />
    <None Include="65_QuickRotary.ino" />
    <None Include="31_RunningPresets.ino" />
    <None Include="92_Handbrake.ino" />
    <None Include="72_FunkyHat.ino" />
    <None Include="85_BitePot.ino" />
    <None Include="83_Brake.ino" />
    <None Include="82_Throttle.ino" />
    <None Include="39_Calculations.ino" />
    <None Include="81_DualClutch.ino" />
    <None Include="61_RotaryPulse.ino" />
    <None Include="53_Launch.ino" />
  </ItemGroup>
  <ItemGroup>
    <ClInclude Include="__vm\.DahlDesignDDC.vsarduino.h">
      <Filter>Header Files</Filter>
    </ClInclude>
  </ItemGroup>
</Project>