<?xml version="1.0" encoding="utf-8"?>
<Project ToolsVersion="4.0" xmlns="http://schemas.microsoft.com/developer/msbuild/2003">
  <ItemGroup>
    <Filter Include="Source Files">
      <UniqueIdentifier>{4FC737F1-C7A5-4376-A066-2A32D752A2FF}</UniqueIdentifier>
      <Extensions>cpp;c;cc;cxx;def;odl;idl;hpj;bat;asm;asmx</Extensions>
    </Filter>
    <Filter Include="Header Files">
      <UniqueIdentifier>{93995380-89BD-4b04-88EB-625FBE52EBFB}</UniqueIdentifier>
      <Extensions>h;hh;hpp;hxx;hm;inl;inc;xsd</Extensions>
    </Filter>
    <Filter Include="Misc Files">
      <UniqueIdentifier>{67DA6AB6-F800-4c08-8B7A-83BB121AAD01}</UniqueIdentifier>
      <Extensions>xml;json;txt;rc;ico;cur;bmp;dlg;rc2;rct;bin;rgs;gif;jpg;jpeg;jpe;resx;tiff;tif;png;wav;mfcribbon-ms</Extensions>
    </Filter>
  </ItemGroup>
  <ItemGroup>
    <None Include="src\arduino folders read me.txt">
      <Filter>Misc Files</Filter>
    </None>
  </ItemGroup>
  <ItemGroup>
    <ClCompile Include="01_ColorPalette.ino" />
    <ClCompile Include="02_Board.ino" />
    <ClCompile Include="04_USB.ino" />
    <ClCompile Include="08_Joystick.ino" />
    <ClCompile Include="10_TableAndAnalog.ino" />
    <ClCompile Include="11_ShiftRegisters.ino" />
    <ClCompile Include="12_GlobalVariables.ino" />
    <ClCompile Include="13_SwitchVariables.ino" />
    <ClCompile Include="14_LEDsetup.ino" />
    <ClCompile Include="15_LEDFunctions.ino" />
    <ClCompile Include="19_Bitfields.ino" />
    <ClCompile Include="20_Setup.ino" />
    <ClCompile Include="29_LoopStarts.ino" />
    <ClCompile Include="30_Switches.ino" />
    <ClCompile Include="31_RunningPresets.ino" />
    <ClCompile Include="34_LEDStartup.ino" />
    <ClCompile Include="35_LEDBottom.ino" />
    <ClCompile Include="36_LEDTop.ino" />
    <ClCompile Include="40_Matrix.ino" />
    <ClCompile Include="32_Presets.ino" />
    <ClCompile Include="42_Inject.ino" />
    <ClCompile Include="50_Pushbuttons.ino" />
    <ClCompile Include="51_Toggle.ino" />
    <ClCompile Include="52_FunctionButtons.ino" />
    <ClCompile Include="53_Launch.ino" />
    <ClCompile Include="54_Shifter.ino" />
    <ClCompile Include="55_QuickSwitch.ino" />
    <ClCompile Include="57_SW1PresetRotary.ino" />
    <ClCompile Include="60_Rotary4Bit.ino" />
    <ClCompile Include="61_RotaryPulse.ino" />
    <ClCompile Include="62_Rotary2Bit.ino" />
    <ClCompile Include="63_RotaryPEC11.ino" />
    <ClCompile Include="64_RotaryAnalog.ino" />
    <ClCompile Include="65_QuickRotary.ino" />
    <ClCompile Include="66_MultiComplex.ino" />
    <ClCompile Include="56_SW1BiteRotary.ino" />
    <ClCompile Include="70_FunkyPush.ino" />
    <ClCompile Include="71_FunkyDirections.ino" />
    <ClCompile Include="72_FunkyHat.ino" />
    <ClCompile Include="74_FunkyRotary.ino" />
    <ClCompile Include="80_SingleClutch.ino" />
    <ClCompile Include="81_DualClutch.ino" />
    <ClCompile Include="83_Brake.ino" />
    <ClCompile Include="82_Throttle.ino" />
    <ClCompile Include="85_BitePot.ino" />
    <ClCompile Include="92_Handbrake.ino" />
    <ClCompile Include="93_BrakeMagic.ino" />
    <ClCompile Include="94_ThrottleHold.ino" />
    <ClCompile Include="98_PresetSwitch.ino" />
    <ClCompile Include="DahlDesignDDC.ino" />
    <ClCompile Include="09_CB1_Table.ino" />
    <ClCompile Include="33_CalculationsAndUtility.ino" />
    <ClCompile Include="38_PeripheralsSetup.ino" />
    <ClCompile Include="37_TriggersAndEditors.ino" />
    <ClCompile Include="39_PeripheralsRun.ino" />
    <ClCompile Include="44_EEPROMFunctions.ino" />
    <ClCompile Include="03_EEPROM.ino" />
  </ItemGroup>
  <ItemGroup>
    <ClInclude Include="__vm\.DahlDesignDDC.vsarduino.h">
      <Filter>Header Files</Filter>
    </ClInclude>
  </ItemGroup>
</Project>